
Microsoft Visual Studio Solution File, Format Version 12.00
# Visual Studio 15
VisualStudioVersion = 15.0.27130.2027
MinimumVisualStudioVersion = 10.0.40219.1
Project("{F184B08F-C81C-45F6-A57F-5ABD9991F28F}") = "Nibbles_VBGraphics", "Nibbles_VBGraphics\Nibbles_VBGraphics.vbproj", "{1EA0207A-619C-44A6-8327-F49AD9DAAC07}"
EndProject
Global
	GlobalSection(SolutionConfigurationPlatforms) = preSolution
		Debug|Any CPU = Debug|Any CPU
		Release|Any CPU = Release|Any CPU
	EndGlobalSection
	GlobalSection(ProjectConfigurationPlatforms) = postSolution
		{1EA0207A-619C-44A6-8327-F49AD9DAAC07}.Debug|Any CPU.ActiveCfg = Debug|Any CPU
		{1EA0207A-619C-44A6-8327-F49AD9DAAC07}.Debug|Any CPU.Build.0 = Debug|Any CPU
		{1EA0207A-619C-44A6-8327-F49AD9DAAC07}.Release|Any CPU.ActiveCfg = Release|Any CPU
		{1EA0207A-619C-44A6-8327-F49AD9DAAC07}.Release|Any CPU.Build.0 = Release|Any CPU
	EndGlobalSection
	GlobalSection(SolutionProperties) = preSolution
		HideSolutionNode = FALSE
	EndGlobalSection
	GlobalSection(ExtensibilityGlobals) = postSolution
		SolutionGuid = {D7AE7917-49C2-4351-983A-9B0EEB8669E2}
	EndGlobalSection
EndGlobal
